
Microsoft Visual Studio Solution File, Format Version 12.00
# Visual Studio Version 16
VisualStudioVersion = 16.0.31911.196
MinimumVisualStudioVersion = 10.0.40219.1
Project("{FAE04EC0-301F-11D3-BF4B-00C04F79EFBC}") = "k_Means_Clustering", "k_Means_Clustering\k_Means_Clustering.csproj", "{D80CEEB8-55E7-4844-B27A-686A9FF1E0AD}"
EndProject
Global
	GlobalSection(SolutionConfigurationPlatforms) = preSolution
		Debug|Any CPU = Debug|Any CPU
		Release|Any CPU = Release|Any CPU
	EndGlobalSection
	GlobalSection(ProjectConfigurationPlatforms) = postSolution
		{D80CEEB8-55E7-4844-B27A-686A9FF1E0AD}.Debug|Any CPU.ActiveCfg = Debug|Any CPU
		{D80CEEB8-55E7-4844-B27A-686A9FF1E0AD}.Debug|Any CPU.Build.0 = Debug|Any CPU
		{D80CEEB8-55E7-4844-B27A-686A9FF1E0AD}.Release|Any CPU.ActiveCfg = Release|Any CPU
		{D80CEEB8-55E7-4844-B27A-686A9FF1E0AD}.Release|Any CPU.Build.0 = Release|Any CPU
	EndGlobalSection
	GlobalSection(SolutionProperties) = preSolution
		HideSolutionNode = FALSE
	EndGlobalSection
	GlobalSection(ExtensibilityGlobals) = postSolution
		SolutionGuid = {BEDDC3E7-CB5C-4553-AB74-00D2B212FEC4}
	EndGlobalSection
EndGlobal
